
Microsoft Visual Studio Solution File, Format Version 12.00
# Visual Studio Version 17
VisualStudioVersion = 17.0.32112.339
MinimumVisualStudioVersion = 10.0.40219.1
Project("{FAE04EC0-301F-11D3-BF4B-00C04F79EFBC}") = "LinkedListProgram", "LinkedList\LinkedListProgram.csproj", "{BCD6C662-8B3A-421F-9DA6-3A562E1BAFFB}"
EndProject
Global
	GlobalSection(SolutionConfigurationPlatforms) = preSolution
		Debug|Any CPU = Debug|Any CPU
		Release|Any CPU = Release|Any CPU
	EndGlobalSection
	GlobalSection(ProjectConfigurationPlatforms) = postSolution
		{BCD6C662-8B3A-421F-9DA6-3A562E1BAFFB}.Debug|Any CPU.ActiveCfg = Debug|Any CPU
		{BCD6C662-8B3A-421F-9DA6-3A562E1BAFFB}.Debug|Any CPU.Build.0 = Debug|Any CPU
		{BCD6C662-8B3A-421F-9DA6-3A562E1BAFFB}.Release|Any CPU.ActiveCfg = Release|Any CPU
		{BCD6C662-8B3A-421F-9DA6-3A562E1BAFFB}.Release|Any CPU.Build.0 = Release|Any CPU
	EndGlobalSection
	GlobalSection(SolutionProperties) = preSolution
		HideSolutionNode = FALSE
	EndGlobalSection
	GlobalSection(ExtensibilityGlobals) = postSolution
		SolutionGuid = {607183F4-FBDF-42EB-BBF0-73BA7D785937}
	EndGlobalSection
EndGlobal
